
Microsoft Visual Studio Solution File, Format Version 12.00
# Visual Studio Version 17
VisualStudioVersion = 17.0.31903.59
MinimumVisualStudioVersion = 10.0.40219.1
Project("{2150E333-8FDC-42A3-9474-1A3956D46DE8}") = "src", "src", "{02EA681E-C7D8-13C7-8484-4AC65E1B71E8}"
EndProject
Project("{FAE04EC0-301F-11D3-BF4B-00C04F79EFBC}") = "WebApi", "WebApi\WebApi.csproj", "{5EA10D2A-68EC-4C3A-AA8C-33E8945D84DA}"
EndProject
Project("{2150E333-8FDC-42A3-9474-1A3956D46DE8}") = "core", "core", "{2DB71A59-D691-438F-8C5C-63A7E78C9E23}"
EndProject
Project("{2150E333-8FDC-42A3-9474-1A3956D46DE8}") = "infra", "infra", "{2E13FF28-46DB-41CC-B8B7-497946C0E5D1}"
EndProject
Project("{2150E333-8FDC-42A3-9474-1A3956D46DE8}") = "presentation", "presentation", "{C92AA190-1335-4A67-8903-1BE344FAF9FB}"
EndProject
Project("{FAE04EC0-301F-11D3-BF4B-00C04F79EFBC}") = "Domain", "core\Domain\Domain.csproj", "{D1904064-F8AE-4157-9D10-74CDBFAC87F8}"
EndProject
Project("{FAE04EC0-301F-11D3-BF4B-00C04F79EFBC}") = "Application", "core\Application\Application.csproj", "{AADFDE25-174C-46FE-A7A4-F5CCF9D22BDF}"
EndProject
Project("{FAE04EC0-301F-11D3-BF4B-00C04F79EFBC}") = "Persistance", "infra\Persistance\Persistance.csproj", "{903014C9-A5CD-401F-860C-E907FB5B640F}"
EndProject
Project("{FAE04EC0-301F-11D3-BF4B-00C04F79EFBC}") = "Infrastructure", "infra\Infrastructure\Infrastructure.csproj", "{09AB56A4-96EF-41A1-8EB7-16A441360D0E}"
EndProject
Project("{2150E333-8FDC-42A3-9474-1A3956D46DE8}") = "services", "services", "{B7DFBCE3-FCA3-4A99-BB27-718DB2249572}"
EndProject
Project("{FAE04EC0-301F-11D3-BF4B-00C04F79EFBC}") = "HashingService", "services\HashingService\HashingService.csproj", "{49069945-2025-3801-A443-A7888AE0929E}"
EndProject
Project("{FAE04EC0-301F-11D3-BF4B-00C04F79EFBC}") = "JWTService", "services\JWTService\JWTService.csproj", "{C54D572E-89ED-76C4-9407-38C2610B3462}"
EndProject
Project("{FAE04EC0-301F-11D3-BF4B-00C04F79EFBC}") = "MailSenderService", "services\MailService\MailSenderService.csproj", "{7F083D5F-8E61-2127-7C70-237BB6B57C1C}"
EndProject
Project("{FAE04EC0-301F-11D3-BF4B-00C04F79EFBC}") = "NoSqlService", "services\NoSqlService\NoSqlService.csproj", "{DD405854-2511-DC61-D150-1FF663C31A97}"
EndProject
Project("{FAE04EC0-301F-11D3-BF4B-00C04F79EFBC}") = "AOPService", "services\AOPService\AOPService.csproj", "{3E11A444-EF38-6939-59D2-E0822C8DD426}"
EndProject
Global
	GlobalSection(SolutionConfigurationPlatforms) = preSolution
		Debug|Any CPU = Debug|Any CPU
		Release|Any CPU = Release|Any CPU
	EndGlobalSection
	GlobalSection(ProjectConfigurationPlatforms) = postSolution
		{5EA10D2A-68EC-4C3A-AA8C-33E8945D84DA}.Debug|Any CPU.ActiveCfg = Debug|Any CPU
		{5EA10D2A-68EC-4C3A-AA8C-33E8945D84DA}.Debug|Any CPU.Build.0 = Debug|Any CPU
		{5EA10D2A-68EC-4C3A-AA8C-33E8945D84DA}.Release|Any CPU.ActiveCfg = Release|Any CPU
		{5EA10D2A-68EC-4C3A-AA8C-33E8945D84DA}.Release|Any CPU.Build.0 = Release|Any CPU
		{D1904064-F8AE-4157-9D10-74CDBFAC87F8}.Debug|Any CPU.ActiveCfg = Debug|Any CPU
		{D1904064-F8AE-4157-9D10-74CDBFAC87F8}.Debug|Any CPU.Build.0 = Debug|Any CPU
		{D1904064-F8AE-4157-9D10-74CDBFAC87F8}.Release|Any CPU.ActiveCfg = Release|Any CPU
		{D1904064-F8AE-4157-9D10-74CDBFAC87F8}.Release|Any CPU.Build.0 = Release|Any CPU
		{AADFDE25-174C-46FE-A7A4-F5CCF9D22BDF}.Debug|Any CPU.ActiveCfg = Debug|Any CPU
		{AADFDE25-174C-46FE-A7A4-F5CCF9D22BDF}.Debug|Any CPU.Build.0 = Debug|Any CPU
		{AADFDE25-174C-46FE-A7A4-F5CCF9D22BDF}.Release|Any CPU.ActiveCfg = Release|Any CPU
		{AADFDE25-174C-46FE-A7A4-F5CCF9D22BDF}.Release|Any CPU.Build.0 = Release|Any CPU
		{903014C9-A5CD-401F-860C-E907FB5B640F}.Debug|Any CPU.ActiveCfg = Debug|Any CPU
		{903014C9-A5CD-401F-860C-E907FB5B640F}.Debug|Any CPU.Build.0 = Debug|Any CPU
		{903014C9-A5CD-401F-860C-E907FB5B640F}.Release|Any CPU.ActiveCfg = Release|Any CPU
		{903014C9-A5CD-401F-860C-E907FB5B640F}.Release|Any CPU.Build.0 = Release|Any CPU
		{09AB56A4-96EF-41A1-8EB7-16A441360D0E}.Debug|Any CPU.ActiveCfg = Debug|Any CPU
		{09AB56A4-96EF-41A1-8EB7-16A441360D0E}.Debug|Any CPU.Build.0 = Debug|Any CPU
		{09AB56A4-96EF-41A1-8EB7-16A441360D0E}.Release|Any CPU.ActiveCfg = Release|Any CPU
		{09AB56A4-96EF-41A1-8EB7-16A441360D0E}.Release|Any CPU.Build.0 = Release|Any CPU
		{49069945-2025-3801-A443-A7888AE0929E}.Debug|Any CPU.ActiveCfg = Debug|Any CPU
		{49069945-2025-3801-A443-A7888AE0929E}.Debug|Any CPU.Build.0 = Debug|Any CPU
		{49069945-2025-3801-A443-A7888AE0929E}.Release|Any CPU.ActiveCfg = Release|Any CPU
		{49069945-2025-3801-A443-A7888AE0929E}.Release|Any CPU.Build.0 = Release|Any CPU
		{C54D572E-89ED-76C4-9407-38C2610B3462}.Debug|Any CPU.ActiveCfg = Debug|Any CPU
		{C54D572E-89ED-76C4-9407-38C2610B3462}.Debug|Any CPU.Build.0 = Debug|Any CPU
		{C54D572E-89ED-76C4-9407-38C2610B3462}.Release|Any CPU.ActiveCfg = Release|Any CPU
		{C54D572E-89ED-76C4-9407-38C2610B3462}.Release|Any CPU.Build.0 = Release|Any CPU
		{7F083D5F-8E61-2127-7C70-237BB6B57C1C}.Debug|Any CPU.ActiveCfg = Debug|Any CPU
		{7F083D5F-8E61-2127-7C70-237BB6B57C1C}.Debug|Any CPU.Build.0 = Debug|Any CPU
		{7F083D5F-8E61-2127-7C70-237BB6B57C1C}.Release|Any CPU.ActiveCfg = Release|Any CPU
		{7F083D5F-8E61-2127-7C70-237BB6B57C1C}.Release|Any CPU.Build.0 = Release|Any CPU
		{DD405854-2511-DC61-D150-1FF663C31A97}.Debug|Any CPU.ActiveCfg = Debug|Any CPU
		{DD405854-2511-DC61-D150-1FF663C31A97}.Debug|Any CPU.Build.0 = Debug|Any CPU
		{DD405854-2511-DC61-D150-1FF663C31A97}.Release|Any CPU.ActiveCfg = Release|Any CPU
		{DD405854-2511-DC61-D150-1FF663C31A97}.Release|Any CPU.Build.0 = Release|Any CPU
		{3E11A444-EF38-6939-59D2-E0822C8DD426}.Debug|Any CPU.ActiveCfg = Debug|Any CPU
		{3E11A444-EF38-6939-59D2-E0822C8DD426}.Debug|Any CPU.Build.0 = Debug|Any CPU
		{3E11A444-EF38-6939-59D2-E0822C8DD426}.Release|Any CPU.ActiveCfg = Release|Any CPU
		{3E11A444-EF38-6939-59D2-E0822C8DD426}.Release|Any CPU.Build.0 = Release|Any CPU
	EndGlobalSection
	GlobalSection(SolutionProperties) = preSolution
		HideSolutionNode = FALSE
	EndGlobalSection
	GlobalSection(NestedProjects) = preSolution
		{5EA10D2A-68EC-4C3A-AA8C-33E8945D84DA} = {C92AA190-1335-4A67-8903-1BE344FAF9FB}
		{2DB71A59-D691-438F-8C5C-63A7E78C9E23} = {02EA681E-C7D8-13C7-8484-4AC65E1B71E8}
		{2E13FF28-46DB-41CC-B8B7-497946C0E5D1} = {02EA681E-C7D8-13C7-8484-4AC65E1B71E8}
		{C92AA190-1335-4A67-8903-1BE344FAF9FB} = {02EA681E-C7D8-13C7-8484-4AC65E1B71E8}
		{D1904064-F8AE-4157-9D10-74CDBFAC87F8} = {2DB71A59-D691-438F-8C5C-63A7E78C9E23}
		{AADFDE25-174C-46FE-A7A4-F5CCF9D22BDF} = {2DB71A59-D691-438F-8C5C-63A7E78C9E23}
		{903014C9-A5CD-401F-860C-E907FB5B640F} = {2E13FF28-46DB-41CC-B8B7-497946C0E5D1}
		{09AB56A4-96EF-41A1-8EB7-16A441360D0E} = {2E13FF28-46DB-41CC-B8B7-497946C0E5D1}
		{B7DFBCE3-FCA3-4A99-BB27-718DB2249572} = {02EA681E-C7D8-13C7-8484-4AC65E1B71E8}
		{49069945-2025-3801-A443-A7888AE0929E} = {B7DFBCE3-FCA3-4A99-BB27-718DB2249572}
		{C54D572E-89ED-76C4-9407-38C2610B3462} = {B7DFBCE3-FCA3-4A99-BB27-718DB2249572}
		{7F083D5F-8E61-2127-7C70-237BB6B57C1C} = {B7DFBCE3-FCA3-4A99-BB27-718DB2249572}
		{DD405854-2511-DC61-D150-1FF663C31A97} = {B7DFBCE3-FCA3-4A99-BB27-718DB2249572}
		{3E11A444-EF38-6939-59D2-E0822C8DD426} = {B7DFBCE3-FCA3-4A99-BB27-718DB2249572}
	EndGlobalSection
	GlobalSection(ExtensibilityGlobals) = postSolution
		SolutionGuid = {228F6578-075B-4476-8442-3BA3CE929FDD}
	EndGlobalSection
EndGlobal
